
Microsoft Visual Studio Solution File, Format Version 12.00
# Visual Studio Version 17
VisualStudioVersion = 17.7.34003.232
MinimumVisualStudioVersion = 10.0.40219.1
Project("{9A19103F-16F7-4668-BE54-9A1E7A4F7556}") = "StockOnliner", "StockOnliner\StockOnliner.csproj", "{814086BB-9415-4706-BB69-4C46E983226C}"
EndProject
Project("{FAE04EC0-301F-11D3-BF4B-00C04F79EFBC}") = "ConsoleApp1", "ConsoleApp1\ConsoleApp1.csproj", "{7A41405D-C8EB-4B90-A99E-3FC0B1726EC6}"
EndProject
Global
	GlobalSection(SolutionConfigurationPlatforms) = preSolution
		Debug|Any CPU = Debug|Any CPU
		Release|Any CPU = Release|Any CPU
	EndGlobalSection
	GlobalSection(ProjectConfigurationPlatforms) = postSolution
		{814086BB-9415-4706-BB69-4C46E983226C}.Debug|Any CPU.ActiveCfg = Debug|Any CPU
		{814086BB-9415-4706-BB69-4C46E983226C}.Debug|Any CPU.Build.0 = Debug|Any CPU
		{814086BB-9415-4706-BB69-4C46E983226C}.Release|Any CPU.ActiveCfg = Release|Any CPU
		{814086BB-9415-4706-BB69-4C46E983226C}.Release|Any CPU.Build.0 = Release|Any CPU
		{7A41405D-C8EB-4B90-A99E-3FC0B1726EC6}.Debug|Any CPU.ActiveCfg = Debug|Any CPU
		{7A41405D-C8EB-4B90-A99E-3FC0B1726EC6}.Debug|Any CPU.Build.0 = Debug|Any CPU
		{7A41405D-C8EB-4B90-A99E-3FC0B1726EC6}.Release|Any CPU.ActiveCfg = Release|Any CPU
		{7A41405D-C8EB-4B90-A99E-3FC0B1726EC6}.Release|Any CPU.Build.0 = Release|Any CPU
	EndGlobalSection
	GlobalSection(SolutionProperties) = preSolution
		HideSolutionNode = FALSE
	EndGlobalSection
	GlobalSection(ExtensibilityGlobals) = postSolution
		SolutionGuid = {ECD6A569-C080-4DA8-870E-498851D62542}
	EndGlobalSection
EndGlobal
